Microsoft Visual Studio Solution File, Format Version 12.00
# Visual Studio Version 17
VisualStudioVersion = 17.5.2.0
MinimumVisualStudioVersion = 10.0.40219.1
Project("{2150E333-8FDC-42A3-9474-1A3956D46DE8}") = "LoanxWebApi", "LoanxWebApi", "{985078A9-12E5-9DEE-4BB1-94948B26735F}"
EndProject
Project("{FAE04EC0-301F-11D3-BF4B-00C04F79EFBC}") = "AuthService", "LoanxWebApi\AuthService\AuthService.csproj", "{A424A40E-E2F9-BF00-A391-9935E76A87BC}"
EndProject
Global
	GlobalSection(SolutionConfigurationPlatforms) = preSolution
		Debug|Any CPU = Debug|Any CPU
		Release|Any CPU = Release|Any CPU
	EndGlobalSection
	GlobalSection(ProjectConfigurationPlatforms) = postSolution
		{A424A40E-E2F9-BF00-A391-9935E76A87BC}.Debug|Any CPU.ActiveCfg = Debug|Any CPU
		{A424A40E-E2F9-BF00-A391-9935E76A87BC}.Debug|Any CPU.Build.0 = Debug|Any CPU
		{A424A40E-E2F9-BF00-A391-9935E76A87BC}.Release|Any CPU.ActiveCfg = Release|Any CPU
		{A424A40E-E2F9-BF00-A391-9935E76A87BC}.Release|Any CPU.Build.0 = Release|Any CPU
	EndGlobalSection
	GlobalSection(SolutionProperties) = preSolution
		HideSolutionNode = FALSE
	EndGlobalSection
	GlobalSection(NestedProjects) = preSolution
		{A424A40E-E2F9-BF00-A391-9935E76A87BC} = {985078A9-12E5-9DEE-4BB1-94948B26735F}
	EndGlobalSection
	GlobalSection(ExtensibilityGlobals) = postSolution
		SolutionGuid = {B4770F4D-2365-4C9E-A136-3E70300A5090}
	EndGlobalSection
EndGlobal
